
Microsoft Visual Studio Solution File, Format Version 12.00
# Visual Studio Version 17
VisualStudioVersion = 17.11.35303.130
MinimumVisualStudioVersion = 10.0.40219.1
Project("{9A19103F-16F7-4668-BE54-9A1E7A4F7556}") = "OrleansServer", "OrleansServer\OrleansServer.csproj", "{A4540E54-121E-4A4B-ACD7-5E2DCD3D85C9}"
EndProject
Project("{9A19103F-16F7-4668-BE54-9A1E7A4F7556}") = "OrleansClient", "OrleansClient\OrleansClient.csproj", "{9BD0CB86-289B-4F8F-9450-C4E764B28E17}"
EndProject
Project("{9A19103F-16F7-4668-BE54-9A1E7A4F7556}") = "AppHost", "AppHost\AppHost.csproj", "{A7B36FAF-5282-409D-BE5E-9D33A6C4FA41}"
EndProject
Project("{9A19103F-16F7-4668-BE54-9A1E7A4F7556}") = "ServiceDefaults", "ServiceDefaults\ServiceDefaults.csproj", "{D431F013-63DA-4199-8355-CF6A10E20C1D}"
EndProject
Project("{FAE04EC0-301F-11D3-BF4B-00C04F79EFBC}") = "IntegrationTest", "IntegrationTest\IntegrationTest.csproj", "{43201B6F-D760-4306-8034-2EA83B0DE425}"
EndProject
Global
	GlobalSection(SolutionConfigurationPlatforms) = preSolution
		Debug|Any CPU = Debug|Any CPU
		Release|Any CPU = Release|Any CPU
	EndGlobalSection
	GlobalSection(ProjectConfigurationPlatforms) = postSolution
		{A4540E54-121E-4A4B-ACD7-5E2DCD3D85C9}.Debug|Any CPU.ActiveCfg = Debug|Any CPU
		{A4540E54-121E-4A4B-ACD7-5E2DCD3D85C9}.Debug|Any CPU.Build.0 = Debug|Any CPU
		{A4540E54-121E-4A4B-ACD7-5E2DCD3D85C9}.Release|Any CPU.ActiveCfg = Release|Any CPU
		{A4540E54-121E-4A4B-ACD7-5E2DCD3D85C9}.Release|Any CPU.Build.0 = Release|Any CPU
		{9BD0CB86-289B-4F8F-9450-C4E764B28E17}.Debug|Any CPU.ActiveCfg = Debug|Any CPU
		{9BD0CB86-289B-4F8F-9450-C4E764B28E17}.Debug|Any CPU.Build.0 = Debug|Any CPU
		{9BD0CB86-289B-4F8F-9450-C4E764B28E17}.Release|Any CPU.ActiveCfg = Release|Any CPU
		{9BD0CB86-289B-4F8F-9450-C4E764B28E17}.Release|Any CPU.Build.0 = Release|Any CPU
		{A7B36FAF-5282-409D-BE5E-9D33A6C4FA41}.Debug|Any CPU.ActiveCfg = Debug|Any CPU
		{A7B36FAF-5282-409D-BE5E-9D33A6C4FA41}.Debug|Any CPU.Build.0 = Debug|Any CPU
		{A7B36FAF-5282-409D-BE5E-9D33A6C4FA41}.Release|Any CPU.ActiveCfg = Release|Any CPU
		{A7B36FAF-5282-409D-BE5E-9D33A6C4FA41}.Release|Any CPU.Build.0 = Release|Any CPU
		{D431F013-63DA-4199-8355-CF6A10E20C1D}.Debug|Any CPU.ActiveCfg = Debug|Any CPU
		{D431F013-63DA-4199-8355-CF6A10E20C1D}.Debug|Any CPU.Build.0 = Debug|Any CPU
		{D431F013-63DA-4199-8355-CF6A10E20C1D}.Release|Any CPU.ActiveCfg = Release|Any CPU
		{D431F013-63DA-4199-8355-CF6A10E20C1D}.Release|Any CPU.Build.0 = Release|Any CPU
		{43201B6F-D760-4306-8034-2EA83B0DE425}.Debug|Any CPU.ActiveCfg = Debug|Any CPU
		{43201B6F-D760-4306-8034-2EA83B0DE425}.Debug|Any CPU.Build.0 = Debug|Any CPU
		{43201B6F-D760-4306-8034-2EA83B0DE425}.Release|Any CPU.ActiveCfg = Release|Any CPU
		{43201B6F-D760-4306-8034-2EA83B0DE425}.Release|Any CPU.Build.0 = Release|Any CPU
	EndGlobalSection
	GlobalSection(SolutionProperties) = preSolution
		HideSolutionNode = FALSE
	EndGlobalSection
	GlobalSection(ExtensibilityGlobals) = postSolution
		SolutionGuid = {3CF6401B-CA99-4326-B2A1-2AAE7FD6AEE9}
	EndGlobalSection
EndGlobal
